
Microsoft Visual Studio Solution File, Format Version 12.00
# Visual Studio Version 17
VisualStudioVersion = 17.8.34330.188
MinimumVisualStudioVersion = 10.0.40219.1
Project("{FAE04EC0-301F-11D3-BF4B-00C04F79EFBC}") = "InteractiveGeometric", "InteractiveGeometric\InteractiveGeometric.csproj", "{67031967-CBFE-4424-BC44-9B3ED1404811}"
EndProject
Global
	GlobalSection(SolutionConfigurationPlatforms) = preSolution
		Debug|Any CPU = Debug|Any CPU
		Release|Any CPU = Release|Any CPU
	EndGlobalSection
	GlobalSection(ProjectConfigurationPlatforms) = postSolution
		{67031967-CBFE-4424-BC44-9B3ED1404811}.Debug|Any CPU.ActiveCfg = Debug|Any CPU
		{67031967-CBFE-4424-BC44-9B3ED1404811}.Debug|Any CPU.Build.0 = Debug|Any CPU
		{67031967-CBFE-4424-BC44-9B3ED1404811}.Release|Any CPU.ActiveCfg = Release|Any CPU
		{67031967-CBFE-4424-BC44-9B3ED1404811}.Release|Any CPU.Build.0 = Release|Any CPU
	EndGlobalSection
	GlobalSection(SolutionProperties) = preSolution
		HideSolutionNode = FALSE
	EndGlobalSection
	GlobalSection(ExtensibilityGlobals) = postSolution
		SolutionGuid = {25EDAEF9-8611-41C2-B414-6A937CEBE441}
	EndGlobalSection
EndGlobal
